
Microsoft Visual Studio Solution File, Format Version 12.00
# Visual Studio Version 17
VisualStudioVersion = 17.9.34622.214
MinimumVisualStudioVersion = 10.0.40219.1
Project("{9A19103F-16F7-4668-BE54-9A1E7A4F7556}") = "VirtualUsedCarsShowroom", "VirtualUsedCarsShowroom\VirtualUsedCarsShowroom.csproj", "{8C806CAA-80A4-4FEB-B5CE-EF3DC19DA188}"
EndProject
Project("{FAE04EC0-301F-11D3-BF4B-00C04F79EFBC}") = "CarsShowroom.Core", "CarsShowroom.Core\CarsShowroom.Core.csproj", "{F5F6B59C-63FC-4580-B586-F27DBA295AD9}"
EndProject
Project("{FAE04EC0-301F-11D3-BF4B-00C04F79EFBC}") = "CarsShowroom.Infrastructure", "CarsShowroom.Infrastructure\CarsShowroom.Infrastructure.csproj", "{C10E0247-5C15-42AA-B25E-E30E9AB67D45}"
EndProject
Global
	GlobalSection(SolutionConfigurationPlatforms) = preSolution
		Debug|Any CPU = Debug|Any CPU
		Release|Any CPU = Release|Any CPU
	EndGlobalSection
	GlobalSection(ProjectConfigurationPlatforms) = postSolution
		{8C806CAA-80A4-4FEB-B5CE-EF3DC19DA188}.Debug|Any CPU.ActiveCfg = Debug|Any CPU
		{8C806CAA-80A4-4FEB-B5CE-EF3DC19DA188}.Debug|Any CPU.Build.0 = Debug|Any CPU
		{8C806CAA-80A4-4FEB-B5CE-EF3DC19DA188}.Release|Any CPU.ActiveCfg = Release|Any CPU
		{8C806CAA-80A4-4FEB-B5CE-EF3DC19DA188}.Release|Any CPU.Build.0 = Release|Any CPU
		{F5F6B59C-63FC-4580-B586-F27DBA295AD9}.Debug|Any CPU.ActiveCfg = Debug|Any CPU
		{F5F6B59C-63FC-4580-B586-F27DBA295AD9}.Debug|Any CPU.Build.0 = Debug|Any CPU
		{F5F6B59C-63FC-4580-B586-F27DBA295AD9}.Release|Any CPU.ActiveCfg = Release|Any CPU
		{F5F6B59C-63FC-4580-B586-F27DBA295AD9}.Release|Any CPU.Build.0 = Release|Any CPU
		{C10E0247-5C15-42AA-B25E-E30E9AB67D45}.Debug|Any CPU.ActiveCfg = Debug|Any CPU
		{C10E0247-5C15-42AA-B25E-E30E9AB67D45}.Debug|Any CPU.Build.0 = Debug|Any CPU
		{C10E0247-5C15-42AA-B25E-E30E9AB67D45}.Release|Any CPU.ActiveCfg = Release|Any CPU
		{C10E0247-5C15-42AA-B25E-E30E9AB67D45}.Release|Any CPU.Build.0 = Release|Any CPU
	EndGlobalSection
	GlobalSection(SolutionProperties) = preSolution
		HideSolutionNode = FALSE
	EndGlobalSection
	GlobalSection(ExtensibilityGlobals) = postSolution
		SolutionGuid = {B21E9EC4-6B46-43C1-B7AA-7699085BB6B0}
	EndGlobalSection
EndGlobal
